
Microsoft Visual Studio Solution File, Format Version 12.00
# Visual Studio Version 17
VisualStudioVersion = 17.5.002.0
MinimumVisualStudioVersion = 10.0.40219.1
Project("{9A19103F-16F7-4668-BE54-9A1E7A4F7556}") = "MyFirstApp", "MyFirstApp.csproj", "{017A7A94-F6E5-457E-A6A0-B25B4BDF3298}"
EndProject
Global
	GlobalSection(SolutionConfigurationPlatforms) = preSolution
		Debug|Any CPU = Debug|Any CPU
		Release|Any CPU = Release|Any CPU
	EndGlobalSection
	GlobalSection(ProjectConfigurationPlatforms) = postSolution
		{017A7A94-F6E5-457E-A6A0-B25B4BDF3298}.Debug|Any CPU.ActiveCfg = Debug|Any CPU
		{017A7A94-F6E5-457E-A6A0-B25B4BDF3298}.Debug|Any CPU.Build.0 = Debug|Any CPU
		{017A7A94-F6E5-457E-A6A0-B25B4BDF3298}.Release|Any CPU.ActiveCfg = Release|Any CPU
		{017A7A94-F6E5-457E-A6A0-B25B4BDF3298}.Release|Any CPU.Build.0 = Release|Any CPU
	EndGlobalSection
	GlobalSection(SolutionProperties) = preSolution
		HideSolutionNode = FALSE
	EndGlobalSection
	GlobalSection(ExtensibilityGlobals) = postSolution
		SolutionGuid = {ACFC87D0-710E-4CA6-AA83-90B7EA9C3C21}
	EndGlobalSection
EndGlobal
